
Microsoft Visual Studio Solution File, Format Version 12.00
# Visual Studio 15
VisualStudioVersion = 15.0.27428.2002
MinimumVisualStudioVersion = 10.0.40219.1
Project("{FAE04EC0-301F-11D3-BF4B-00C04F79EFBC}") = "LMS", "LMS\LMS.csproj", "{A19AD436-9BC5-4C57-8BFF-94354BE01EAA}"
EndProject
Project("{FAE04EC0-301F-11D3-BF4B-00C04F79EFBC}") = "Model", "Model\Model.csproj", "{FCF89D07-7FFD-4710-86A3-12C156B9E675}"
EndProject
Global
	GlobalSection(SolutionConfigurationPlatforms) = preSolution
		Debug|Any CPU = Debug|Any CPU
		Release|Any CPU = Release|Any CPU
	EndGlobalSection
	GlobalSection(ProjectConfigurationPlatforms) = postSolution
		{A19AD436-9BC5-4C57-8BFF-94354BE01EAA}.Debug|Any CPU.ActiveCfg = Debug|Any CPU
		{A19AD436-9BC5-4C57-8BFF-94354BE01EAA}.Debug|Any CPU.Build.0 = Debug|Any CPU
		{A19AD436-9BC5-4C57-8BFF-94354BE01EAA}.Release|Any CPU.ActiveCfg = Release|Any CPU
		{A19AD436-9BC5-4C57-8BFF-94354BE01EAA}.Release|Any CPU.Build.0 = Release|Any CPU
		{FCF89D07-7FFD-4710-86A3-12C156B9E675}.Debug|Any CPU.ActiveCfg = Debug|Any CPU
		{FCF89D07-7FFD-4710-86A3-12C156B9E675}.Debug|Any CPU.Build.0 = Debug|Any CPU
		{FCF89D07-7FFD-4710-86A3-12C156B9E675}.Release|Any CPU.ActiveCfg = Release|Any CPU
		{FCF89D07-7FFD-4710-86A3-12C156B9E675}.Release|Any CPU.Build.0 = Release|Any CPU
	EndGlobalSection
	GlobalSection(SolutionProperties) = preSolution
		HideSolutionNode = FALSE
	EndGlobalSection
	GlobalSection(ExtensibilityGlobals) = postSolution
		SolutionGuid = {877704D4-3CD7-47CC-8654-40109F6DE7A5}
	EndGlobalSection
EndGlobal
